
Microsoft Visual Studio Solution File, Format Version 12.00
# Visual Studio Version 17
VisualStudioVersion = 17.0.31903.59
MinimumVisualStudioVersion = 10.0.40219.1
Project("{FAE04EC0-301F-11D3-BF4B-00C04F79EFBC}") = "Tasks", "Exercise\Tasks.csproj", "{EFE9C339-C666-49A7-9491-D3BD125AE699}"
EndProject
Project("{FAE04EC0-301F-11D3-BF4B-00C04F79EFBC}") = "TaskTest", "TaskTest\TaskTest.csproj", "{B3375943-B608-458D-9BF3-E1AD03509D62}"
EndProject
Project("{FAE04EC0-301F-11D3-BF4B-00C04F79EFBC}") = "Solution", "Solution\Solution.csproj", "{CE01ADFF-8BF0-42DF-B076-5AF908119C1E}"
EndProject
Global
	GlobalSection(SolutionConfigurationPlatforms) = preSolution
		Debug|Any CPU = Debug|Any CPU
		Release|Any CPU = Release|Any CPU
	EndGlobalSection
	GlobalSection(ProjectConfigurationPlatforms) = postSolution
		{EFE9C339-C666-49A7-9491-D3BD125AE699}.Debug|Any CPU.ActiveCfg = Debug|Any CPU
		{EFE9C339-C666-49A7-9491-D3BD125AE699}.Debug|Any CPU.Build.0 = Debug|Any CPU
		{EFE9C339-C666-49A7-9491-D3BD125AE699}.Release|Any CPU.ActiveCfg = Release|Any CPU
		{EFE9C339-C666-49A7-9491-D3BD125AE699}.Release|Any CPU.Build.0 = Release|Any CPU
		{B3375943-B608-458D-9BF3-E1AD03509D62}.Debug|Any CPU.ActiveCfg = Debug|Any CPU
		{B3375943-B608-458D-9BF3-E1AD03509D62}.Debug|Any CPU.Build.0 = Debug|Any CPU
		{B3375943-B608-458D-9BF3-E1AD03509D62}.Release|Any CPU.ActiveCfg = Release|Any CPU
		{B3375943-B608-458D-9BF3-E1AD03509D62}.Release|Any CPU.Build.0 = Release|Any CPU
		{CE01ADFF-8BF0-42DF-B076-5AF908119C1E}.Debug|Any CPU.ActiveCfg = Debug|Any CPU
		{CE01ADFF-8BF0-42DF-B076-5AF908119C1E}.Debug|Any CPU.Build.0 = Debug|Any CPU
		{CE01ADFF-8BF0-42DF-B076-5AF908119C1E}.Release|Any CPU.ActiveCfg = Release|Any CPU
		{CE01ADFF-8BF0-42DF-B076-5AF908119C1E}.Release|Any CPU.Build.0 = Release|Any CPU
	EndGlobalSection
	GlobalSection(SolutionProperties) = preSolution
		HideSolutionNode = FALSE
	EndGlobalSection
EndGlobal
